
Microsoft Visual Studio Solution File, Format Version 12.00
# Visual Studio Version 17
VisualStudioVersion = 17.1.32421.90
MinimumVisualStudioVersion = 10.0.40219.1
Project("{FAE04EC0-301F-11D3-BF4B-00C04F79EFBC}") = "SpaceOOP", "SpaceOOP\SpaceOOP.csproj", "{59C66A63-8FBA-4A3C-8F4C-419F472AC13F}"
EndProject
Global
	GlobalSection(SolutionConfigurationPlatforms) = preSolution
		Debug|Any CPU = Debug|Any CPU
		Release|Any CPU = Release|Any CPU
	EndGlobalSection
	GlobalSection(ProjectConfigurationPlatforms) = postSolution
		{59C66A63-8FBA-4A3C-8F4C-419F472AC13F}.Debug|Any CPU.ActiveCfg = Debug|Any CPU
		{59C66A63-8FBA-4A3C-8F4C-419F472AC13F}.Debug|Any CPU.Build.0 = Debug|Any CPU
		{59C66A63-8FBA-4A3C-8F4C-419F472AC13F}.Release|Any CPU.ActiveCfg = Release|Any CPU
		{59C66A63-8FBA-4A3C-8F4C-419F472AC13F}.Release|Any CPU.Build.0 = Release|Any CPU
	EndGlobalSection
	GlobalSection(SolutionProperties) = preSolution
		HideSolutionNode = FALSE
	EndGlobalSection
	GlobalSection(ExtensibilityGlobals) = postSolution
		SolutionGuid = {8C917357-CF1E-407E-8AB9-22FB0F2C093C}
	EndGlobalSection
EndGlobal
